// !$*UTF8*$!
{
	archiveVersion = 1;
	classes = {
	};
	objectVersion = 46;
	objects = {

/* Begin PBXBuildFile section */
		1D3623260D0F684500981E51 /* TextMemoryAppDelegate.m in Sources */ = {isa = PBXBuildFile; fileRef = 1D3623250D0F684500981E51 /* TextMemoryAppDelegate.m */; };
		1D60589B0D05DD56006BFB54 /* main.m in Sources */ = {isa = PBXBuildFile; fileRef = 29B97316FDCFA39411CA2CEA /* main.m */; };
		1DF5F4E00D08C38300B7A737 /* UIKit.framework in Frameworks */ = {isa = PBXBuildFile; fileRef = 1DF5F4DF0D08C38300B7A737 /* UIKit.framework */; };
		28193055112F811F00ECF9B4 /* Text_Memory.xcdatamodeld in Sources */ = {isa = PBXBuildFile; fileRef = 28193054112F811F00ECF9B4 /* Text_Memory.xcdatamodeld */; };
		288765A50DF7441C002DB57D /* CoreGraphics.framework in Frameworks */ = {isa = PBXBuildFile; fileRef = 288765A40DF7441C002DB57D /* CoreGraphics.framework */; };
		28AD733F0D9D9553002E5188 /* MainWindow.xib in Resources */ = {isa = PBXBuildFile; fileRef = 28AD733E0D9D9553002E5188 /* MainWindow.xib */; };
		28D801B40F44B63D00FB423F /* CoreData.framework in Frameworks */ = {isa = PBXBuildFile; fileRef = 28D801B30F44B63D00FB423F /* CoreData.framework */; };
		93059DFB14A2DF39001ECE4D /* RecordingViewController.m in Sources */ = {isa = PBXBuildFile; fileRef = 93059DF914A2DF39001ECE4D /* RecordingViewController.m */; };
		93059DFC14A2DF39001ECE4D /* RecordingViewController.xib in Resources */ = {isa = PBXBuildFile; fileRef = 93059DFA14A2DF39001ECE4D /* RecordingViewController.xib */; };
		93059DFF14A3052C001ECE4D /* RecordingAndPlaybackController.m in Sources */ = {isa = PBXBuildFile; fileRef = 93059DFE14A3052B001ECE4D /* RecordingAndPlaybackController.m */; };
		9311CD6D14B6376400AF75D7 /* CoreAudio.framework in Frameworks */ = {isa = PBXBuildFile; fileRef = 9311CD6C14B6376400AF75D7 /* CoreAudio.framework */; };
		9311CD7214B63B1500AF75D7 /* Foundation.framework in Frameworks */ = {isa = PBXBuildFile; fileRef = 1D30AB110D05D00D00671497 /* Foundation.framework */; };
		9311CD7314B63B2B00AF75D7 /* QuartzCore.framework in Frameworks */ = {isa = PBXBuildFile; fileRef = 9390940F142F38090037CE62 /* QuartzCore.framework */; };
		934912D91435A72700ED3BD0 /* FontSizeViewController.m in Sources */ = {isa = PBXBuildFile; fileRef = 934912D71435A72700ED3BD0 /* FontSizeViewController.m */; };
		934912DA1435A72700ED3BD0 /* FontSizeViewController.xib in Resources */ = {isa = PBXBuildFile; fileRef = 934912D81435A72700ED3BD0 /* FontSizeViewController.xib */; };
		9349151614410CDE00ED3BD0 /* Icon-72.png in Resources */ = {isa = PBXBuildFile; fileRef = 9349151514410CDE00ED3BD0 /* Icon-72.png */; };
		9349157F14416A3800ED3BD0 /* Icon-Small-50.png in Resources */ = {isa = PBXBuildFile; fileRef = 9349157E14416A3800ED3BD0 /* Icon-Small-50.png */; };
		934915901441724300ED3BD0 /* iTunesArtwork in Resources */ = {isa = PBXBuildFile; fileRef = 9349158F1441724300ED3BD0 /* iTunesArtwork */; };
		934915C01441785400ED3BD0 /* Default-Portrait.png in Resources */ = {isa = PBXBuildFile; fileRef = 934915BF1441785400ED3BD0 /* Default-Portrait.png */; };
		934915C21441786100ED3BD0 /* Default-Landscape.png in Resources */ = {isa = PBXBuildFile; fileRef = 934915C11441786100ED3BD0 /* Default-Landscape.png */; };
		934916351442D5EE00ED3BD0 /* OverlayView.m in Sources */ = {isa = PBXBuildFile; fileRef = 934916341442D5EE00ED3BD0 /* OverlayView.m */; };
		936F74E114BF4584003C79A7 /* NSString+Words.m in Sources */ = {isa = PBXBuildFile; fileRef = 936F74E014BF4584003C79A7 /* NSString+Words.m */; };
		93908AD9142901960037CE62 /* DefaultData.m in Sources */ = {isa = PBXBuildFile; fileRef = 93908AD8142901960037CE62 /* DefaultData.m */; };
		93908B2D142911D80037CE62 /* default-data.plist in Resources */ = {isa = PBXBuildFile; fileRef = 93908B2C142911D80037CE62 /* default-data.plist */; };
		93908B7114291A570037CE62 /* defaultDataStore.sqlite in Resources */ = {isa = PBXBuildFile; fileRef = 93908B7014291A570037CE62 /* defaultDataStore.sqlite */; };
		93908D15142D0FB90037CE62 /* TextsTableViewController.m in Sources */ = {isa = PBXBuildFile; fileRef = 93908D13142D0FB90037CE62 /* TextsTableViewController.m */; };
		93908D16142D0FB90037CE62 /* TextsTableViewController.xib in Resources */ = {isa = PBXBuildFile; fileRef = 93908D14142D0FB90037CE62 /* TextsTableViewController.xib */; };
		93909245142EA13C0037CE62 /* EditTextViewController.m in Sources */ = {isa = PBXBuildFile; fileRef = 93909243142EA13C0037CE62 /* EditTextViewController.m */; };
		93909246142EA13C0037CE62 /* EditTextViewController.xib in Resources */ = {isa = PBXBuildFile; fileRef = 93909244142EA13C0037CE62 /* EditTextViewController.xib */; };
		93B8598F1421805C00C209A1 /* RootViewController.m in Sources */ = {isa = PBXBuildFile; fileRef = 93B8598D1421805C00C209A1 /* RootViewController.m */; };
		93B859901421805C00C209A1 /* RootViewController.xib in Resources */ = {isa = PBXBuildFile; fileRef = 93B8598E1421805C00C209A1 /* RootViewController.xib */; };
		93B85A6414219E4000C209A1 /* Text.m in Sources */ = {isa = PBXBuildFile; fileRef = 93B85A6314219E4000C209A1 /* Text.m */; };
		93BE881314B3D8E8005DD77F /* PlaybackViewController.m in Sources */ = {isa = PBXBuildFile; fileRef = 93BE881114B3D8E8005DD77F /* PlaybackViewController.m */; };
		93BE881414B3D8E8005DD77F /* PlaybackViewController.xib in Resources */ = {isa = PBXBuildFile; fileRef = 93BE881214B3D8E8005DD77F /* PlaybackViewController.xib */; };
		93BE881614B41063005DD77F /* AVFoundation.framework in Frameworks */ = {isa = PBXBuildFile; fileRef = 93BE881514B41063005DD77F /* AVFoundation.framework */; };
/* End PBXBuildFile section */

/* Begin PBXFileReference section */
		1D30AB110D05D00D00671497 /* Foundation.framework */ = {isa = PBXFileReference; lastKnownFileType = wrapper.framework; name = Foundation.framework; path = System/Library/Frameworks/Foundation.framework; sourceTree = SDKROOT; };
		1D3623240D0F684500981E51 /* TextMemoryAppDelegate.h */ = {isa = PBXFileReference; fileEncoding = 4; lastKnownFileType = sourcecode.c.h; path = TextMemoryAppDelegate.h; sourceTree = "<group>"; };
		1D3623250D0F684500981E51 /* TextMemoryAppDelegate.m */ = {isa = PBXFileReference; fileEncoding = 4; lastKnownFileType = sourcecode.c.objc; path = TextMemoryAppDelegate.m; sourceTree = "<group>"; };
		1D6058910D05DD3D006BFB54 /* Text Memory.app */ = {isa = PBXFileReference; explicitFileType = wrapper.application; includeInIndex = 0; path = "Text Memory.app"; sourceTree = BUILT_PRODUCTS_DIR; };
		1DF5F4DF0D08C38300B7A737 /* UIKit.framework */ = {isa = PBXFileReference; lastKnownFileType = wrapper.framework; name = UIKit.framework; path = System/Library/Frameworks/UIKit.framework; sourceTree = SDKROOT; };
		288765A40DF7441C002DB57D /* CoreGraphics.framework */ = {isa = PBXFileReference; lastKnownFileType = wrapper.framework; name = CoreGraphics.framework; path = System/Library/Frameworks/CoreGraphics.framework; sourceTree = SDKROOT; };
		28AD733E0D9D9553002E5188 /* MainWindow.xib */ = {isa = PBXFileReference; lastKnownFileType = file.xib; path = MainWindow.xib; sourceTree = "<group>"; };
		28C3AD890F43EF2300507BA6 /* Text_Memory.xcdatamodel */ = {isa = PBXFileReference; fileEncoding = 4; lastKnownFileType = wrapper.xcdatamodel; path = Text_Memory.xcdatamodel; sourceTree = "<group>"; };
		28D801B30F44B63D00FB423F /* CoreData.framework */ = {isa = PBXFileReference; lastKnownFileType = wrapper.framework; name = CoreData.framework; path = System/Library/Frameworks/CoreData.framework; sourceTree = SDKROOT; };
		29B97316FDCFA39411CA2CEA /* main.m */ = {isa = PBXFileReference; fileEncoding = 4; lastKnownFileType = sourcecode.c.objc; path = main.m; sourceTree = "<group>"; };
		32CA4F630368D1EE00C91783 /* Text_Memory_Prefix.pch */ = {isa = PBXFileReference; fileEncoding = 4; lastKnownFileType = sourcecode.c.h; path = Text_Memory_Prefix.pch; sourceTree = "<group>"; };
		8D1107310486CEB800E47090 /* Text_Memory-Info.plist */ = {isa = PBXFileReference; fileEncoding = 4; lastKnownFileType = text.plist.xml; path = "Text_Memory-Info.plist"; plistStructureDefinitionIdentifier = "com.apple.xcode.plist.structure-definition.iphone.info-plist"; sourceTree = "<group>"; };
		93059DF814A2DF39001ECE4D /* RecordingViewController.h */ = {isa = PBXFileReference; fileEncoding = 4; lastKnownFileType = sourcecode.c.h; path = RecordingViewController.h; sourceTree = "<group>"; };
		93059DF914A2DF39001ECE4D /* RecordingViewController.m */ = {isa = PBXFileReference; fileEncoding = 4; lastKnownFileType = sourcecode.c.objc; path = RecordingViewController.m; sourceTree = "<group>"; };
		93059DFA14A2DF39001ECE4D /* RecordingViewController.xib */ = {isa = PBXFileReference; fileEncoding = 4; lastKnownFileType = file.xib; path = RecordingViewController.xib; sourceTree = "<group>"; };
		93059DFD14A3052B001ECE4D /* RecordingAndPlaybackController.h */ = {isa = PBXFileReference; fileEncoding = 4; lastKnownFileType = sourcecode.c.h; path = RecordingAndPlaybackController.h; sourceTree = "<group>"; };
		93059DFE14A3052B001ECE4D /* RecordingAndPlaybackController.m */ = {isa = PBXFileReference; fileEncoding = 4; lastKnownFileType = sourcecode.c.objc; path = RecordingAndPlaybackController.m; sourceTree = "<group>"; };
		9311CD6C14B6376400AF75D7 /* CoreAudio.framework */ = {isa = PBXFileReference; lastKnownFileType = wrapper.framework; name = CoreAudio.framework; path = System/Library/Frameworks/CoreAudio.framework; sourceTree = SDKROOT; };
		9311CD6E14B639AB00AF75D7 /* Security.framework */ = {isa = PBXFileReference; lastKnownFileType = wrapper.framework; name = Security.framework; path = System/Library/Frameworks/Security.framework; sourceTree = SDKROOT; };
		9311CD7014B63A1700AF75D7 /* CoreFoundation.framework */ = {isa = PBXFileReference; lastKnownFileType = wrapper.framework; name = CoreFoundation.framework; path = System/Library/Frameworks/CoreFoundation.framework; sourceTree = SDKROOT; };
		9313FB3F14C6B012006CA91A /* 3.xcdatamodel */ = {isa = PBXFileReference; lastKnownFileType = wrapper.xcdatamodel; path = 3.xcdatamodel; sourceTree = "<group>"; };
		934912D61435A72700ED3BD0 /* FontSizeViewController.h */ = {isa = PBXFileReference; fileEncoding = 4; lastKnownFileType = sourcecode.c.h; path = FontSizeViewController.h; sourceTree = "<group>"; };
		934912D71435A72700ED3BD0 /* FontSizeViewController.m */ = {isa = PBXFileReference; fileEncoding = 4; lastKnownFileType = sourcecode.c.objc; path = FontSizeViewController.m; sourceTree = "<group>"; };
		934912D81435A72700ED3BD0 /* FontSizeViewController.xib */ = {isa = PBXFileReference; lastKnownFileType = file.xib; path = FontSizeViewController.xib; sourceTree = "<group>"; };
		9349151514410CDE00ED3BD0 /* Icon-72.png */ = {isa = PBXFileReference; lastKnownFileType = image.png; path = "Icon-72.png"; sourceTree = "<group>"; };
		9349157E14416A3800ED3BD0 /* Icon-Small-50.png */ = {isa = PBXFileReference; lastKnownFileType = image.png; path = "Icon-Small-50.png"; sourceTree = "<group>"; };
		9349158F1441724300ED3BD0 /* iTunesArtwork */ = {isa = PBXFileReference; lastKnownFileType = file; path = iTunesArtwork; sourceTree = "<group>"; };
		934915BF1441785400ED3BD0 /* Default-Portrait.png */ = {isa = PBXFileReference; lastKnownFileType = image.png; path = "Default-Portrait.png"; sourceTree = "<group>"; };
		934915C11441786100ED3BD0 /* Default-Landscape.png */ = {isa = PBXFileReference; lastKnownFileType = image.png; path = "Default-Landscape.png"; sourceTree = "<group>"; };
		934916331442D5EE00ED3BD0 /* OverlayView.h */ = {isa = PBXFileReference; fileEncoding = 4; lastKnownFileType = sourcecode.c.h; path = OverlayView.h; sourceTree = "<group>"; };
		934916341442D5EE00ED3BD0 /* OverlayView.m */ = {isa = PBXFileReference; fileEncoding = 4; lastKnownFileType = sourcecode.c.objc; path = OverlayView.m; sourceTree = "<group>"; };
		936F74DF14BF4584003C79A7 /* NSString+Words.h */ = {isa = PBXFileReference; fileEncoding = 4; lastKnownFileType = sourcecode.c.h; path = "NSString+Words.h"; sourceTree = "<group>"; };
		936F74E014BF4584003C79A7 /* NSString+Words.m */ = {isa = PBXFileReference; fileEncoding = 4; lastKnownFileType = sourcecode.c.objc; path = "NSString+Words.m"; sourceTree = "<group>"; };
		93908AD7142901960037CE62 /* DefaultData.h */ = {isa = PBXFileReference; fileEncoding = 4; lastKnownFileType = sourcecode.c.h; path = DefaultData.h; sourceTree = "<group>"; };
		93908AD8142901960037CE62 /* DefaultData.m */ = {isa = PBXFileReference; fileEncoding = 4; lastKnownFileType = sourcecode.c.objc; path = DefaultData.m; sourceTree = "<group>"; };
		93908B2C142911D80037CE62 /* default-data.plist */ = {isa = PBXFileReference; fileEncoding = 4; lastKnownFileType = text.plist.xml; path = "default-data.plist"; sourceTree = "<group>"; };
		93908B7014291A570037CE62 /* defaultDataStore.sqlite */ = {isa = PBXFileReference; lastKnownFileType = file; path = defaultDataStore.sqlite; sourceTree = "<group>"; };
		93908D12142D0FB90037CE62 /* TextsTableViewController.h */ = {isa = PBXFileReference; fileEncoding = 4; lastKnownFileType = sourcecode.c.h; path = TextsTableViewController.h; sourceTree = "<group>"; };
		93908D13142D0FB90037CE62 /* TextsTableViewController.m */ = {isa = PBXFileReference; fileEncoding = 4; lastKnownFileType = sourcecode.c.objc; path = TextsTableViewController.m; sourceTree = "<group>"; };
		93908D14142D0FB90037CE62 /* TextsTableViewController.xib */ = {isa = PBXFileReference; lastKnownFileType = file.xib; path = TextsTableViewController.xib; sourceTree = "<group>"; };
		93909242142EA13C0037CE62 /* EditTextViewController.h */ = {isa = PBXFileReference; fileEncoding = 4; lastKnownFileType = sourcecode.c.h; path = EditTextViewController.h; sourceTree = "<group>"; };
		93909243142EA13C0037CE62 /* EditTextViewController.m */ = {isa = PBXFileReference; fileEncoding = 4; lastKnownFileType = sourcecode.c.objc; path = EditTextViewController.m; sourceTree = "<group>"; };
		93909244142EA13C0037CE62 /* EditTextViewController.xib */ = {isa = PBXFileReference; lastKnownFileType = file.xib; path = EditTextViewController.xib; sourceTree = "<group>"; };
		9390940F142F38090037CE62 /* QuartzCore.framework */ = {isa = PBXFileReference; lastKnownFileType = wrapper.framework; name = QuartzCore.framework; path = System/Library/Frameworks/QuartzCore.framework; sourceTree = SDKROOT; };
		93B8598C1421805C00C209A1 /* RootViewController.h */ = {isa = PBXFileReference; fileEncoding = 4; lastKnownFileType = sourcecode.c.h; path = RootViewController.h; sourceTree = "<group>"; };
		93B8598D1421805C00C209A1 /* RootViewController.m */ = {isa = PBXFileReference; fileEncoding = 4; lastKnownFileType = sourcecode.c.objc; path = RootViewController.m; sourceTree = "<group>"; };
		93B8598E1421805C00C209A1 /* RootViewController.xib */ = {isa = PBXFileReference; lastKnownFileType = file.xib; path = RootViewController.xib; sourceTree = "<group>"; };
		93B85A6214219E4000C209A1 /* Text.h */ = {isa = PBXFileReference; fileEncoding = 4; lastKnownFileType = sourcecode.c.h; path = Text.h; sourceTree = "<group>"; };
		93B85A6314219E4000C209A1 /* Text.m */ = {isa = PBXFileReference; fileEncoding = 4; lastKnownFileType = sourcecode.c.objc; path = Text.m; sourceTree = "<group>"; };
		93BE881014B3D8E8005DD77F /* PlaybackViewController.h */ = {isa = PBXFileReference; fileEncoding = 4; lastKnownFileType = sourcecode.c.h; path = PlaybackViewController.h; sourceTree = "<group>"; };
		93BE881114B3D8E8005DD77F /* PlaybackViewController.m */ = {isa = PBXFileReference; fileEncoding = 4; lastKnownFileType = sourcecode.c.objc; path = PlaybackViewController.m; sourceTree = "<group>"; };
		93BE881214B3D8E8005DD77F /* PlaybackViewController.xib */ = {isa = PBXFileReference; fileEncoding = 4; lastKnownFileType = file.xib; path = PlaybackViewController.xib; sourceTree = "<group>"; };
		93BE881514B41063005DD77F /* AVFoundation.framework */ = {isa = PBXFileReference; lastKnownFileType = wrapper.framework; name = AVFoundation.framework; path = System/Library/Frameworks/AVFoundation.framework; sourceTree = SDKROOT; };
		93DC3A53148829D40060CC9B /* 2.xcdatamodel */ = {isa = PBXFileReference; lastKnownFileType = wrapper.xcdatamodel; path = 2.xcdatamodel; sourceTree = "<group>"; };
/* End PBXFileReference section */

/* Begin PBXFrameworksBuildPhase section */
		1D60588F0D05DD3D006BFB54 /* Frameworks */ = {
			isa = PBXFrameworksBuildPhase;
			buildActionMask = 2147483647;
			files = (
				9311CD7314B63B2B00AF75D7 /* QuartzCore.framework in Frameworks */,
				9311CD7214B63B1500AF75D7 /* Foundation.framework in Frameworks */,
				9311CD6D14B6376400AF75D7 /* CoreAudio.framework in Frameworks */,
				93BE881614B41063005DD77F /* AVFoundation.framework in Frameworks */,
				1DF5F4E00D08C38300B7A737 /* UIKit.framework in Frameworks */,
				288765A50DF7441C002DB57D /* CoreGraphics.framework in Frameworks */,
				28D801B40F44B63D00FB423F /* CoreData.framework in Frameworks */,
			);
			runOnlyForDeploymentPostprocessing = 0;
		};
/* End PBXFrameworksBuildPhase section */

/* Begin PBXGroup section */
		080E96DDFE201D6D7F000001 /* Classes */ = {
			isa = PBXGroup;
			children = (
				93908AD7142901960037CE62 /* DefaultData.h */,
				93908AD8142901960037CE62 /* DefaultData.m */,
				93909242142EA13C0037CE62 /* EditTextViewController.h */,
				93909243142EA13C0037CE62 /* EditTextViewController.m */,
				93909244142EA13C0037CE62 /* EditTextViewController.xib */,
				934912D61435A72700ED3BD0 /* FontSizeViewController.h */,
				934912D71435A72700ED3BD0 /* FontSizeViewController.m */,
				934912D81435A72700ED3BD0 /* FontSizeViewController.xib */,
				936F74DF14BF4584003C79A7 /* NSString+Words.h */,
				936F74E014BF4584003C79A7 /* NSString+Words.m */,
				934916331442D5EE00ED3BD0 /* OverlayView.h */,
				934916341442D5EE00ED3BD0 /* OverlayView.m */,
				93BE881014B3D8E8005DD77F /* PlaybackViewController.h */,
				93BE881114B3D8E8005DD77F /* PlaybackViewController.m */,
				93BE881214B3D8E8005DD77F /* PlaybackViewController.xib */,
				93059DFD14A3052B001ECE4D /* RecordingAndPlaybackController.h */,
				93059DFE14A3052B001ECE4D /* RecordingAndPlaybackController.m */,
				93059DF814A2DF39001ECE4D /* RecordingViewController.h */,
				93059DF914A2DF39001ECE4D /* RecordingViewController.m */,
				93059DFA14A2DF39001ECE4D /* RecordingViewController.xib */,
				93B8598C1421805C00C209A1 /* RootViewController.h */,
				93B8598D1421805C00C209A1 /* RootViewController.m */,
				93B8598E1421805C00C209A1 /* RootViewController.xib */,
				93B85A6214219E4000C209A1 /* Text.h */,
				93B85A6314219E4000C209A1 /* Text.m */,
				1D3623240D0F684500981E51 /* TextMemoryAppDelegate.h */,
				1D3623250D0F684500981E51 /* TextMemoryAppDelegate.m */,
				93908D12142D0FB90037CE62 /* TextsTableViewController.h */,
				93908D13142D0FB90037CE62 /* TextsTableViewController.m */,
				93908D14142D0FB90037CE62 /* TextsTableViewController.xib */,
			);
			path = Classes;
			sourceTree = "<group>";
		};
		19C28FACFE9D520D11CA2CBB /* Products */ = {
			isa = PBXGroup;
			children = (
				1D6058910D05DD3D006BFB54 /* Text Memory.app */,
			);
			name = Products;
			sourceTree = "<group>";
		};
		29B97314FDCFA39411CA2CEA /* CustomTemplate */ = {
			isa = PBXGroup;
			children = (
				080E96DDFE201D6D7F000001 /* Classes */,
				29B97315FDCFA39411CA2CEA /* Other Sources */,
				29B97317FDCFA39411CA2CEA /* Resources */,
				29B97323FDCFA39411CA2CEA /* Frameworks */,
				19C28FACFE9D520D11CA2CBB /* Products */,
			);
			name = CustomTemplate;
			sourceTree = "<group>";
		};
		29B97315FDCFA39411CA2CEA /* Other Sources */ = {
			isa = PBXGroup;
			children = (
				32CA4F630368D1EE00C91783 /* Text_Memory_Prefix.pch */,
				29B97316FDCFA39411CA2CEA /* main.m */,
			);
			name = "Other Sources";
			sourceTree = "<group>";
		};
		29B97317FDCFA39411CA2CEA /* Resources */ = {
			isa = PBXGroup;
			children = (
				934915C11441786100ED3BD0 /* Default-Landscape.png */,
				934915BF1441785400ED3BD0 /* Default-Portrait.png */,
				9349158F1441724300ED3BD0 /* iTunesArtwork */,
				9349157E14416A3800ED3BD0 /* Icon-Small-50.png */,
				9349151514410CDE00ED3BD0 /* Icon-72.png */,
				93908B7014291A570037CE62 /* defaultDataStore.sqlite */,
				28193054112F811F00ECF9B4 /* Text_Memory.xcdatamodeld */,
				28AD733E0D9D9553002E5188 /* MainWindow.xib */,
				8D1107310486CEB800E47090 /* Text_Memory-Info.plist */,
				93908B2C142911D80037CE62 /* default-data.plist */,
			);
			name = Resources;
			sourceTree = "<group>";
		};
		29B97323FDCFA39411CA2CEA /* Frameworks */ = {
			isa = PBXGroup;
			children = (
				93BE881514B41063005DD77F /* AVFoundation.framework */,
				9311CD6C14B6376400AF75D7 /* CoreAudio.framework */,
				28D801B30F44B63D00FB423F /* CoreData.framework */,
				9311CD7014B63A1700AF75D7 /* CoreFoundation.framework */,
				288765A40DF7441C002DB57D /* CoreGraphics.framework */,
				1D30AB110D05D00D00671497 /* Foundation.framework */,
				9390940F142F38090037CE62 /* QuartzCore.framework */,
				9311CD6E14B639AB00AF75D7 /* Security.framework */,
				1DF5F4DF0D08C38300B7A737 /* UIKit.framework */,
			);
			name = Frameworks;
			sourceTree = "<group>";
		};
/* End PBXGroup section */

/* Begin PBXNativeTarget section */
		1D6058900D05DD3D006BFB54 /* Text Memory */ = {
			isa = PBXNativeTarget;
			buildConfigurationList = 1D6058960D05DD3E006BFB54 /* Build configuration list for PBXNativeTarget "Text Memory" */;
			buildPhases = (
				1D60588D0D05DD3D006BFB54 /* Resources */,
				1D60588E0D05DD3D006BFB54 /* Sources */,
				1D60588F0D05DD3D006BFB54 /* Frameworks */,
			);
			buildRules = (
			);
			dependencies = (
			);
			name = "Text Memory";
			productName = "Text Memory";
			productReference = 1D6058910D05DD3D006BFB54 /* Text Memory.app */;
			productType = "com.apple.product-type.application";
		};
/* End PBXNativeTarget section */

/* Begin PBXProject section */
		29B97313FDCFA39411CA2CEA /* Project object */ = {
			isa = PBXProject;
			attributes = {
				LastUpgradeCheck = 0420;
			};
			buildConfigurationList = C01FCF4E08A954540054247B /* Build configuration list for PBXProject "Text Memory" */;
			compatibilityVersion = "Xcode 3.2";
			developmentRegion = English;
			hasScannedForEncodings = 1;
			knownRegions = (
				English,
				Japanese,
				French,
				German,
			);
			mainGroup = 29B97314FDCFA39411CA2CEA /* CustomTemplate */;
			projectDirPath = "";
			projectRoot = "";
			targets = (
				1D6058900D05DD3D006BFB54 /* Text Memory */,
			);
		};
/* End PBXProject section */

/* Begin PBXResourcesBuildPhase section */
		1D60588D0D05DD3D006BFB54 /* Resources */ = {
			isa = PBXResourcesBuildPhase;
			buildActionMask = 2147483647;
			files = (
				28AD733F0D9D9553002E5188 /* MainWindow.xib in Resources */,
				93B859901421805C00C209A1 /* RootViewController.xib in Resources */,
				93908B2D142911D80037CE62 /* default-data.plist in Resources */,
				93908B7114291A570037CE62 /* defaultDataStore.sqlite in Resources */,
				93908D16142D0FB90037CE62 /* TextsTableViewController.xib in Resources */,
				93909246142EA13C0037CE62 /* EditTextViewController.xib in Resources */,
				934912DA1435A72700ED3BD0 /* FontSizeViewController.xib in Resources */,
				9349151614410CDE00ED3BD0 /* Icon-72.png in Resources */,
				9349157F14416A3800ED3BD0 /* Icon-Small-50.png in Resources */,
				934915901441724300ED3BD0 /* iTunesArtwork in Resources */,
				934915C01441785400ED3BD0 /* Default-Portrait.png in Resources */,
				934915C21441786100ED3BD0 /* Default-Landscape.png in Resources */,
				93059DFC14A2DF39001ECE4D /* RecordingViewController.xib in Resources */,
				93BE881414B3D8E8005DD77F /* PlaybackViewController.xib in Resources */,
			);
			runOnlyForDeploymentPostprocessing = 0;
		};
/* End PBXResourcesBuildPhase section */

/* Begin PBXSourcesBuildPhase section */
		1D60588E0D05DD3D006BFB54 /* Sources */ = {
			isa = PBXSourcesBuildPhase;
			buildActionMask = 2147483647;
			files = (
				1D60589B0D05DD56006BFB54 /* main.m in Sources */,
				1D3623260D0F684500981E51 /* TextMemoryAppDelegate.m in Sources */,
				28193055112F811F00ECF9B4 /* Text_Memory.xcdatamodeld in Sources */,
				93B8598F1421805C00C209A1 /* RootViewController.m in Sources */,
				93B85A6414219E4000C209A1 /* Text.m in Sources */,
				93908AD9142901960037CE62 /* DefaultData.m in Sources */,
				93908D15142D0FB90037CE62 /* TextsTableViewController.m in Sources */,
				93909245142EA13C0037CE62 /* EditTextViewController.m in Sources */,
				934912D91435A72700ED3BD0 /* FontSizeViewController.m in Sources */,
				934916351442D5EE00ED3BD0 /* OverlayView.m in Sources */,
				93059DFB14A2DF39001ECE4D /* RecordingViewController.m in Sources */,
				93059DFF14A3052C001ECE4D /* RecordingAndPlaybackController.m in Sources */,
				93BE881314B3D8E8005DD77F /* PlaybackViewController.m in Sources */,
				936F74E114BF4584003C79A7 /* NSString+Words.m in Sources */,
			);
			runOnlyForDeploymentPostprocessing = 0;
		};
/* End PBXSourcesBuildPhase section */

/* Begin XCBuildConfiguration section */
		1D6058940D05DD3E006BFB54 /* Debug */ = {
			isa = XCBuildConfiguration;
			buildSettings = {
				ALWAYS_SEARCH_USER_PATHS = NO;
				COPY_PHASE_STRIP = NO;
				GCC_DYNAMIC_NO_PIC = NO;
				GCC_OPTIMIZATION_LEVEL = 0;
				GCC_PRECOMPILE_PREFIX_HEADER = YES;
				GCC_PREFIX_HEADER = Text_Memory_Prefix.pch;
				INFOPLIST_FILE = "Text_Memory-Info.plist";
				IPHONEOS_DEPLOYMENT_TARGET = 5.0;
				PRODUCT_NAME = "Text Memory";
			};
			name = Debug;
		};
		1D6058950D05DD3E006BFB54 /* Release */ = {
			isa = XCBuildConfiguration;
			buildSettings = {
				ALWAYS_SEARCH_USER_PATHS = NO;
				COPY_PHASE_STRIP = YES;
				GCC_PRECOMPILE_PREFIX_HEADER = YES;
				GCC_PREFIX_HEADER = Text_Memory_Prefix.pch;
				INFOPLIST_FILE = "Text_Memory-Info.plist";
				IPHONEOS_DEPLOYMENT_TARGET = 5.0;
				PRODUCT_NAME = "Text Memory";
				VALIDATE_PRODUCT = YES;
			};
			name = Release;
		};
		9311CD7714B6A5F200AF75D7 /* Ad Hoc */ = {
			isa = XCBuildConfiguration;
			buildSettings = {
				ARCHS = "$(ARCHS_UNIVERSAL_IPHONE_OS)";
				"CODE_SIGN_IDENTITY[sdk=iphoneos*]" = "iPhone Distribution";
				GCC_C_LANGUAGE_STANDARD = c99;
				GCC_WARN_ABOUT_RETURN_TYPE = YES;
				GCC_WARN_UNUSED_VARIABLE = YES;
				IPHONEOS_DEPLOYMENT_TARGET = 5.0;
				OTHER_CFLAGS = "-DNS_BLOCK_ASSERTIONS=1";
				"PROVISIONING_PROFILE[sdk=iphoneos*]" = "";
				SDKROOT = iphoneos;
				TARGETED_DEVICE_FAMILY = 2;
			};
			name = "Ad Hoc";
		};
		9311CD7814B6A5F200AF75D7 /* Ad Hoc */ = {
			isa = XCBuildConfiguration;
			buildSettings = {
				ALWAYS_SEARCH_USER_PATHS = NO;
				"CODE_SIGN_IDENTITY[sdk=iphoneos*]" = "iPhone Distribution";
				COPY_PHASE_STRIP = YES;
				GCC_PRECOMPILE_PREFIX_HEADER = YES;
				GCC_PREFIX_HEADER = Text_Memory_Prefix.pch;
				INFOPLIST_FILE = "Text_Memory-Info.plist";
				IPHONEOS_DEPLOYMENT_TARGET = 5.0;
				PRODUCT_NAME = "Text Memory";
				"PROVISIONING_PROFILE[sdk=iphoneos*]" = "";
				VALIDATE_PRODUCT = YES;
			};
			name = "Ad Hoc";
		};
		C01FCF4F08A954540054247B /* Debug */ = {
			isa = XCBuildConfiguration;
			buildSettings = {
				ARCHS = "$(ARCHS_UNIVERSAL_IPHONE_OS)";
				"CODE_SIGN_IDENTITY[sdk=iphoneos*]" = "iPhone Developer";
				GCC_C_LANGUAGE_STANDARD = c99;
				GCC_WARN_ABOUT_RETURN_TYPE = YES;
				GCC_WARN_UNUSED_VARIABLE = YES;
				IPHONEOS_DEPLOYMENT_TARGET = 5.0;
				SDKROOT = iphoneos;
				TARGETED_DEVICE_FAMILY = 2;
			};
			name = Debug;
		};
		C01FCF5008A954540054247B /* Release */ = {
			isa = XCBuildConfiguration;
			buildSettings = {
				ARCHS = "$(ARCHS_UNIVERSAL_IPHONE_OS)";
				"CODE_SIGN_IDENTITY[sdk=iphoneos*]" = "iPhone Distribution";
				GCC_C_LANGUAGE_STANDARD = c99;
				GCC_WARN_ABOUT_RETURN_TYPE = YES;
				GCC_WARN_UNUSED_VARIABLE = YES;
				IPHONEOS_DEPLOYMENT_TARGET = 5.0;
				OTHER_CFLAGS = "-DNS_BLOCK_ASSERTIONS=1";
				"PROVISIONING_PROFILE[sdk=iphoneos*]" = "";
				SDKROOT = iphoneos;
				TARGETED_DEVICE_FAMILY = 2;
			};
			name = Release;
		};
/* End XCBuildConfiguration section */

/* Begin XCConfigurationList section */
		1D6058960D05DD3E006BFB54 /* Build configuration list for PBXNativeTarget "Text Memory" */ = {
			isa = XCConfigurationList;
			buildConfigurations = (
				1D6058940D05DD3E006BFB54 /* Debug */,
				1D6058950D05DD3E006BFB54 /* Release */,
				9311CD7814B6A5F200AF75D7 /* Ad Hoc */,
			);
			defaultConfigurationIsVisible = 0;
			defaultConfigurationName = Release;
		};
		C01FCF4E08A954540054247B /* Build configuration list for PBXProject "Text Memory" */ = {
			isa = XCConfigurationList;
			buildConfigurations = (
				C01FCF4F08A954540054247B /* Debug */,
				C01FCF5008A954540054247B /* Release */,
				9311CD7714B6A5F200AF75D7 /* Ad Hoc */,
			);
			defaultConfigurationIsVisible = 0;
			defaultConfigurationName = Release;
		};
/* End XCConfigurationList section */

/* Begin XCVersionGroup section */
		28193054112F811F00ECF9B4 /* Text_Memory.xcdatamodeld */ = {
			isa = XCVersionGroup;
			children = (
				9313FB3F14C6B012006CA91A /* 3.xcdatamodel */,
				93DC3A53148829D40060CC9B /* 2.xcdatamodel */,
				28C3AD890F43EF2300507BA6 /* Text_Memory.xcdatamodel */,
			);
			currentVersion = 9313FB3F14C6B012006CA91A /* 3.xcdatamodel */;
			path = Text_Memory.xcdatamodeld;
			sourceTree = "<group>";
			versionGroupType = wrapper.xcdatamodel;
		};
/* End XCVersionGroup section */
	};
	rootObject = 29B97313FDCFA39411CA2CEA /* Project object */;
}
